
Microsoft Visual Studio Solution File, Format Version 12.00
# Visual Studio Version 16
VisualStudioVersion = 16.0.31129.286
MinimumVisualStudioVersion = 10.0.40219.1
Project("{9A19103F-16F7-4668-BE54-9A1E7A4F7556}") = "RestaurantSoftwareMVC14-4-2021", "RestaurantSoftwareMVC14-4-2021\RestaurantSoftwareMVC14-4-2021.csproj", "{723D51AB-B84A-40B0-84A9-9F66153AFA68}"
EndProject
Global
	GlobalSection(SolutionConfigurationPlatforms) = preSolution
		Debug|Any CPU = Debug|Any CPU
		Release|Any CPU = Release|Any CPU
	EndGlobalSection
	GlobalSection(ProjectConfigurationPlatforms) = postSolution
		{723D51AB-B84A-40B0-84A9-9F66153AFA68}.Debug|Any CPU.ActiveCfg = Debug|Any CPU
		{723D51AB-B84A-40B0-84A9-9F66153AFA68}.Debug|Any CPU.Build.0 = Debug|Any CPU
		{723D51AB-B84A-40B0-84A9-9F66153AFA68}.Release|Any CPU.ActiveCfg = Release|Any CPU
		{723D51AB-B84A-40B0-84A9-9F66153AFA68}.Release|Any CPU.Build.0 = Release|Any CPU
	EndGlobalSection
	GlobalSection(SolutionProperties) = preSolution
		HideSolutionNode = FALSE
	EndGlobalSection
	GlobalSection(ExtensibilityGlobals) = postSolution
		SolutionGuid = {4E1E38B4-F350-44A7-BCA5-7537867A5094}
	EndGlobalSection
EndGlobal
